
Microsoft Visual Studio Solution File, Format Version 12.00
# Visual Studio Version 17
VisualStudioVersion = 17.0.32002.185
MinimumVisualStudioVersion = 10.0.40219.1
Project("{FAE04EC0-301F-11D3-BF4B-00C04F79EFBC}") = "MatchGame", "MatchGame\MatchGame.csproj", "{22D85ACF-6906-4445-B1F3-CEE72FEC8CF4}"
EndProject
Global
	GlobalSection(SolutionConfigurationPlatforms) = preSolution
		Debug|Any CPU = Debug|Any CPU
		Release|Any CPU = Release|Any CPU
	EndGlobalSection
	GlobalSection(ProjectConfigurationPlatforms) = postSolution
		{22D85ACF-6906-4445-B1F3-CEE72FEC8CF4}.Debug|Any CPU.ActiveCfg = Debug|Any CPU
		{22D85ACF-6906-4445-B1F3-CEE72FEC8CF4}.Debug|Any CPU.Build.0 = Debug|Any CPU
		{22D85ACF-6906-4445-B1F3-CEE72FEC8CF4}.Release|Any CPU.ActiveCfg = Release|Any CPU
		{22D85ACF-6906-4445-B1F3-CEE72FEC8CF4}.Release|Any CPU.Build.0 = Release|Any CPU
	EndGlobalSection
	GlobalSection(SolutionProperties) = preSolution
		HideSolutionNode = FALSE
	EndGlobalSection
	GlobalSection(ExtensibilityGlobals) = postSolution
		SolutionGuid = {8827FF7F-DC7D-46FE-A83E-AA4047B82E13}
	EndGlobalSection
EndGlobal
